PODS:
  - ICInputAccessory/KeyboardDismissTextField (1.0.0)
  - ICInputAccessory/TokenField (1.0.0)

DEPENDENCIES:
  - ICInputAccessory/KeyboardDismissTextField (from `./`)
  - ICInputAccessory/TokenField (from `./`)

EXTERNAL SOURCES:
  ICInputAccessory:
    :path: "./"

SPEC CHECKSUMS:
  ICInputAccessory: e3c0705263aa7c86cebf96425c95aa716ec83f25

COCOAPODS: 0.39.0
