PODS:
  - ICInputAccessory/KeyboardDismissTextField (1.1.0)
  - ICInputAccessory/TokenField (1.1.0)

DEPENDENCIES:
  - ICInputAccessory/KeyboardDismissTextField (from `./`)
  - ICInputAccessory/TokenField (from `./`)

EXTERNAL SOURCES:
  ICInputAccessory:
    :path: "./"

SPEC CHECKSUMS:
  ICInputAccessory: fa69a534ae8811866fa9d63a6b3ecf07bfced685

PODFILE CHECKSUM: 41c0babd8a8e47d9dc4741ac44d6bb453b85139d

COCOAPODS: 1.0.1
