PODS:
  - ICInputAccessory/KeyboardDismissTextField (1.2.0)
  - ICInputAccessory/TokenField (1.2.0)

DEPENDENCIES:
  - ICInputAccessory/KeyboardDismissTextField (from `./`)
  - ICInputAccessory/TokenField (from `./`)

EXTERNAL SOURCES:
  ICInputAccessory:
    :path: "./"

SPEC CHECKSUMS:
  ICInputAccessory: 75941a41865c7fab675c9252fd3101b79a7aea62

PODFILE CHECKSUM: 0d87bbf65bdc7c4668475091d7495d880f7fc618

COCOAPODS: 1.0.1
