// !$*UTF8*$!
{
	archiveVersion = 1;
	classes = {
	};
	objectVersion = 46;
	objects = {

/* Begin PBXBuildFile section */
		154CE52873EEBDF8EF05A61F /* Pods_Example.framework in Frameworks */ = {isa = PBXBuildFile; fileRef = D0DB1D3E89AB75183DB104E0 /* Pods_Example.framework */; };
		B52819581C90215C007D01D5 /* CustomizedTokenField.swift in Sources */ = {isa = PBXBuildFile; fileRef = B52819571C90215C007D01D5 /* CustomizedTokenField.swift */; };
		B548C5A71C8D55A8009D5AEE /* InfoPlist.strings in Resources */ = {isa = PBXBuildFile; fileRef = B548C5A51C8D55A8009D5AEE /* InfoPlist.strings */; };
		B548C5A91C8D6150009D5AEE /* ExampleCell.swift in Sources */ = {isa = PBXBuildFile; fileRef = B548C5A81C8D6150009D5AEE /* ExampleCell.swift */; };
		B548C5C51C8E91B0009D5AEE /* ICTokenFieldUITests.swift in Sources */ = {isa = PBXBuildFile; fileRef = B548C5C41C8E91B0009D5AEE /* ICTokenFieldUITests.swift */; };
		B5C53E191C92851400AF3489 /* CustomizedTokenViewController.swift in Sources */ = {isa = PBXBuildFile; fileRef = B5C53E181C92851400AF3489 /* CustomizedTokenViewController.swift */; };
		B5D04CFE1C99A7C900174823 /* Main.storyboard in Resources */ = {isa = PBXBuildFile; fileRef = B5D04CFD1C99A7C900174823 /* Main.storyboard */; };
		B5D04D001C99AF0700174823 /* StoryboardViewController.swift in Sources */ = {isa = PBXBuildFile; fileRef = B5D04CFF1C99AF0700174823 /* StoryboardViewController.swift */; };
		B5E9F8FF1C8D3B6E00443DC7 /* AppDelegate.swift in Sources */ = {isa = PBXBuildFile; fileRef = B5E9F8FE1C8D3B6E00443DC7 /* AppDelegate.swift */; };
		B5E9F9011C8D3B6E00443DC7 /* ExampleViewController.swift in Sources */ = {isa = PBXBuildFile; fileRef = B5E9F9001C8D3B6E00443DC7 /* ExampleViewController.swift */; };
		B5E9F9061C8D3B6E00443DC7 /* Assets.xcassets in Resources */ = {isa = PBXBuildFile; fileRef = B5E9F9051C8D3B6E00443DC7 /* Assets.xcassets */; };
		B5E9F9091C8D3B6E00443DC7 /* LaunchScreen.storyboard in Resources */ = {isa = PBXBuildFile; fileRef = B5E9F9071C8D3B6E00443DC7 /* LaunchScreen.storyboard */; };
		B5F62A5D1C9ECBCB003A1231 /* ICKeyboardDismissTextFieldUITests.swift in Sources */ = {isa = PBXBuildFile; fileRef = B5F62A5C1C9ECBCB003A1231 /* ICKeyboardDismissTextFieldUITests.swift */; };
/* End PBXBuildFile section */

/* Begin PBXContainerItemProxy section */
		B548C5C71C8E91B0009D5AEE /* PBXContainerItemProxy */ = {
			isa = PBXContainerItemProxy;
			containerPortal = B5E9F8F31C8D3B6E00443DC7 /* Project object */;
			proxyType = 1;
			remoteGlobalIDString = B5E9F8FA1C8D3B6E00443DC7;
			remoteInfo = Example;
		};
/* End PBXContainerItemProxy section */

/* Begin PBXFileReference section */
		B52819571C90215C007D01D5 /* CustomizedTokenField.swift */ = {isa = PBXFileReference; fileEncoding = 4; lastKnownFileType = sourcecode.swift; path = CustomizedTokenField.swift; sourceTree = "<group>"; };
		B548C5A61C8D55A8009D5AEE /* Base */ = {isa = PBXFileReference; lastKnownFileType = text.plist.strings; name = Base; path = Base.lproj/InfoPlist.strings; sourceTree = "<group>"; };
		B548C5A81C8D6150009D5AEE /* ExampleCell.swift */ = {isa = PBXFileReference; fileEncoding = 4; lastKnownFileType = sourcecode.swift; path = ExampleCell.swift; sourceTree = "<group>"; };
		B548C5C21C8E91B0009D5AEE /* ICInputAccessoryUITests.xctest */ = {isa = PBXFileReference; explicitFileType = wrapper.cfbundle; includeInIndex = 0; path = ICInputAccessoryUITests.xctest; sourceTree = BUILT_PRODUCTS_DIR; };
		B548C5C41C8E91B0009D5AEE /* ICTokenFieldUITests.swift */ = {isa = PBXFileReference; lastKnownFileType = sourcecode.swift; path = ICTokenFieldUITests.swift; sourceTree = "<group>"; };
		B548C5C61C8E91B0009D5AEE /* Info.plist */ = {isa = PBXFileReference; lastKnownFileType = text.plist.xml; path = Info.plist; sourceTree = "<group>"; };
		B5C53E181C92851400AF3489 /* CustomizedTokenViewController.swift */ = {isa = PBXFileReference; fileEncoding = 4; lastKnownFileType = sourcecode.swift; path = CustomizedTokenViewController.swift; sourceTree = "<group>"; };
		B5D04CFD1C99A7C900174823 /* Main.storyboard */ = {isa = PBXFileReference; fileEncoding = 4; lastKnownFileType = file.storyboard; path = Main.storyboard; sourceTree = "<group>"; };
		B5D04CFF1C99AF0700174823 /* StoryboardViewController.swift */ = {isa = PBXFileReference; fileEncoding = 4; lastKnownFileType = sourcecode.swift; path = StoryboardViewController.swift; sourceTree = "<group>"; };
		B5E9F8FB1C8D3B6E00443DC7 /* Example.app */ = {isa = PBXFileReference; explicitFileType = wrapper.application; includeInIndex = 0; path = Example.app; sourceTree = BUILT_PRODUCTS_DIR; };
		B5E9F8FE1C8D3B6E00443DC7 /* AppDelegate.swift */ = {isa = PBXFileReference; lastKnownFileType = sourcecode.swift; path = AppDelegate.swift; sourceTree = "<group>"; };
		B5E9F9001C8D3B6E00443DC7 /* ExampleViewController.swift */ = {isa = PBXFileReference; lastKnownFileType = sourcecode.swift; path = ExampleViewController.swift; sourceTree = "<group>"; };
		B5E9F9051C8D3B6E00443DC7 /* Assets.xcassets */ = {isa = PBXFileReference; lastKnownFileType = folder.assetcatalog; path = Assets.xcassets; sourceTree = "<group>"; };
		B5E9F9081C8D3B6E00443DC7 /* Base */ = {isa = PBXFileReference; lastKnownFileType = file.storyboard; name = Base; path = Base.lproj/LaunchScreen.storyboard; sourceTree = "<group>"; };
		B5E9F90A1C8D3B6E00443DC7 /* Info.plist */ = {isa = PBXFileReference; lastKnownFileType = text.plist.xml; path = Info.plist; sourceTree = "<group>"; };
		B5F62A5C1C9ECBCB003A1231 /* ICKeyboardDismissTextFieldUITests.swift */ = {isa = PBXFileReference; fileEncoding = 4; lastKnownFileType = sourcecode.swift; path = ICKeyboardDismissTextFieldUITests.swift; sourceTree = "<group>"; };
		CA708B7D49E7D80A75ED81E3 /* Pods-Example.debug.xcconfig */ = {isa = PBXFileReference; includeInIndex = 1; lastKnownFileType = text.xcconfig; name = "Pods-Example.debug.xcconfig"; path = "../Pods/Target Support Files/Pods-Example/Pods-Example.debug.xcconfig"; sourceTree = "<group>"; };
		D0DB1D3E89AB75183DB104E0 /* Pods_Example.framework */ = {isa = PBXFileReference; explicitFileType = wrapper.framework; includeInIndex = 0; path = Pods_Example.framework; sourceTree = BUILT_PRODUCTS_DIR; };
		FE1A89C8A77ED0438A206A24 /* Pods-Example.release.xcconfig */ = {isa = PBXFileReference; includeInIndex = 1; lastKnownFileType = text.xcconfig; name = "Pods-Example.release.xcconfig"; path = "../Pods/Target Support Files/Pods-Example/Pods-Example.release.xcconfig"; sourceTree = "<group>"; };
/* End PBXFileReference section */

/* Begin PBXFrameworksBuildPhase section */
		B548C5BF1C8E91B0009D5AEE /* Frameworks */ = {
			isa = PBXFrameworksBuildPhase;
			buildActionMask = 2147483647;
			files = (
			);
			runOnlyForDeploymentPostprocessing = 0;
		};
		B5E9F8F81C8D3B6E00443DC7 /* Frameworks */ = {
			isa = PBXFrameworksBuildPhase;
			buildActionMask = 2147483647;
			files = (
				154CE52873EEBDF8EF05A61F /* Pods_Example.framework in Frameworks */,
			);
			runOnlyForDeploymentPostprocessing = 0;
		};
/* End PBXFrameworksBuildPhase section */

/* Begin PBXGroup section */
		2360BA848BFD7B4A1C83DD92 /* Pods */ = {
			isa = PBXGroup;
			children = (
				CA708B7D49E7D80A75ED81E3 /* Pods-Example.debug.xcconfig */,
				FE1A89C8A77ED0438A206A24 /* Pods-Example.release.xcconfig */,
			);
			name = Pods;
			sourceTree = "<group>";
		};
		5EEA7B5ACE2834D63EB8CB50 /* Frameworks */ = {
			isa = PBXGroup;
			children = (
				D0DB1D3E89AB75183DB104E0 /* Pods_Example.framework */,
			);
			name = Frameworks;
			sourceTree = "<group>";
		};
		B548C5C31C8E91B0009D5AEE /* ICInputAccessoryUITests */ = {
			isa = PBXGroup;
			children = (
				B5F62A5C1C9ECBCB003A1231 /* ICKeyboardDismissTextFieldUITests.swift */,
				B548C5C41C8E91B0009D5AEE /* ICTokenFieldUITests.swift */,
				B548C5C61C8E91B0009D5AEE /* Info.plist */,
			);
			path = ICInputAccessoryUITests;
			sourceTree = "<group>";
		};
		B5E9F8F21C8D3B6E00443DC7 = {
			isa = PBXGroup;
			children = (
				B5E9F8FD1C8D3B6E00443DC7 /* Example */,
				5EEA7B5ACE2834D63EB8CB50 /* Frameworks */,
				B548C5C31C8E91B0009D5AEE /* ICInputAccessoryUITests */,
				2360BA848BFD7B4A1C83DD92 /* Pods */,
				B5E9F8FC1C8D3B6E00443DC7 /* Products */,
			);
			sourceTree = "<group>";
		};
		B5E9F8FC1C8D3B6E00443DC7 /* Products */ = {
			isa = PBXGroup;
			children = (
				B5E9F8FB1C8D3B6E00443DC7 /* Example.app */,
				B548C5C21C8E91B0009D5AEE /* ICInputAccessoryUITests.xctest */,
			);
			name = Products;
			sourceTree = "<group>";
		};
		B5E9F8FD1C8D3B6E00443DC7 /* Example */ = {
			isa = PBXGroup;
			children = (
				B5E9F8FE1C8D3B6E00443DC7 /* AppDelegate.swift */,
				B5E9F9051C8D3B6E00443DC7 /* Assets.xcassets */,
				B52819571C90215C007D01D5 /* CustomizedTokenField.swift */,
				B5C53E181C92851400AF3489 /* CustomizedTokenViewController.swift */,
				B548C5A81C8D6150009D5AEE /* ExampleCell.swift */,
				B5E9F9001C8D3B6E00443DC7 /* ExampleViewController.swift */,
				B5E9F90A1C8D3B6E00443DC7 /* Info.plist */,
				B548C5A51C8D55A8009D5AEE /* InfoPlist.strings */,
				B5E9F9071C8D3B6E00443DC7 /* LaunchScreen.storyboard */,
				B5D04CFD1C99A7C900174823 /* Main.storyboard */,
				B5D04CFF1C99AF0700174823 /* StoryboardViewController.swift */,
			);
			path = Example;
			sourceTree = "<group>";
		};
/* End PBXGroup section */

/* Begin PBXNativeTarget section */
		B548C5C11C8E91B0009D5AEE /* ICInputAccessoryUITests */ = {
			isa = PBXNativeTarget;
			buildConfigurationList = B548C5CB1C8E91B0009D5AEE /* Build configuration list for PBXNativeTarget "ICInputAccessoryUITests" */;
			buildPhases = (
				B548C5BE1C8E91B0009D5AEE /* Sources */,
				B548C5BF1C8E91B0009D5AEE /* Frameworks */,
				B548C5C01C8E91B0009D5AEE /* Resources */,
			);
			buildRules = (
			);
			dependencies = (
				B548C5C81C8E91B0009D5AEE /* PBXTargetDependency */,
			);
			name = ICInputAccessoryUITests;
			productName = ICInputAccessoryUITests;
			productReference = B548C5C21C8E91B0009D5AEE /* ICInputAccessoryUITests.xctest */;
			productType = "com.apple.product-type.bundle.ui-testing";
		};
		B5E9F8FA1C8D3B6E00443DC7 /* Example */ = {
			isa = PBXNativeTarget;
			buildConfigurationList = B5E9F90D1C8D3B6E00443DC7 /* Build configuration list for PBXNativeTarget "Example" */;
			buildPhases = (
				96705876C946719953BCD0C6 /* [CP] Check Pods Manifest.lock */,
				B5C50ADD1C917F4A0059032B /* Swift Lint */,
				B5E9F8F71C8D3B6E00443DC7 /* Sources */,
				B5E9F8F81C8D3B6E00443DC7 /* Frameworks */,
				B5E9F8F91C8D3B6E00443DC7 /* Resources */,
				CAB3B20531AAE2438C48D751 /* [CP] Embed Pods Frameworks */,
				7B2FB96C7361D5883F3ADD14 /* [CP] Copy Pods Resources */,
			);
			buildRules = (
			);
			dependencies = (
			);
			name = Example;
			productName = Example;
			productReference = B5E9F8FB1C8D3B6E00443DC7 /* Example.app */;
			productType = "com.apple.product-type.application";
		};
/* End PBXNativeTarget section */

/* Begin PBXProject section */
		B5E9F8F31C8D3B6E00443DC7 /* Project object */ = {
			isa = PBXProject;
			attributes = {
				LastSwiftUpdateCheck = 0720;
				LastUpgradeCheck = 0720;
				ORGANIZATIONNAME = "Polydice, Inc.";
				TargetAttributes = {
					B548C5C11C8E91B0009D5AEE = {
						CreatedOnToolsVersion = 7.2.1;
						LastSwiftMigration = 0800;
						TestTargetID = B5E9F8FA1C8D3B6E00443DC7;
					};
					B5E9F8FA1C8D3B6E00443DC7 = {
						CreatedOnToolsVersion = 7.2.1;
						LastSwiftMigration = 0800;
					};
				};
			};
			buildConfigurationList = B5E9F8F61C8D3B6E00443DC7 /* Build configuration list for PBXProject "Example" */;
			compatibilityVersion = "Xcode 3.2";
			developmentRegion = English;
			hasScannedForEncodings = 0;
			knownRegions = (
				en,
				Base,
			);
			mainGroup = B5E9F8F21C8D3B6E00443DC7;
			productRefGroup = B5E9F8FC1C8D3B6E00443DC7 /* Products */;
			projectDirPath = "";
			projectRoot = "";
			targets = (
				B5E9F8FA1C8D3B6E00443DC7 /* Example */,
				B548C5C11C8E91B0009D5AEE /* ICInputAccessoryUITests */,
			);
		};
/* End PBXProject section */

/* Begin PBXResourcesBuildPhase section */
		B548C5C01C8E91B0009D5AEE /* Resources */ = {
			isa = PBXResourcesBuildPhase;
			buildActionMask = 2147483647;
			files = (
			);
			runOnlyForDeploymentPostprocessing = 0;
		};
		B5E9F8F91C8D3B6E00443DC7 /* Resources */ = {
			isa = PBXResourcesBuildPhase;
			buildActionMask = 2147483647;
			files = (
				B5E9F9061C8D3B6E00443DC7 /* Assets.xcassets in Resources */,
				B548C5A71C8D55A8009D5AEE /* InfoPlist.strings in Resources */,
				B5E9F9091C8D3B6E00443DC7 /* LaunchScreen.storyboard in Resources */,
				B5D04CFE1C99A7C900174823 /* Main.storyboard in Resources */,
			);
			runOnlyForDeploymentPostprocessing = 0;
		};
/* End PBXResourcesBuildPhase section */

/* Begin PBXShellScriptBuildPhase section */
		7B2FB96C7361D5883F3ADD14 /* [CP] Copy Pods Resources */ = {
			isa = PBXShellScriptBuildPhase;
			buildActionMask = 2147483647;
			files = (
			);
			inputPaths = (
			);
			name = "[CP] Copy Pods Resources";
			outputPaths = (
			);
			runOnlyForDeploymentPostprocessing = 0;
			shellPath = /bin/sh;
			shellScript = "\"${SRCROOT}/../Pods/Target Support Files/Pods-Example/Pods-Example-resources.sh\"\n";
			showEnvVarsInLog = 0;
		};
		96705876C946719953BCD0C6 /* [CP] Check Pods Manifest.lock */ = {
			isa = PBXShellScriptBuildPhase;
			buildActionMask = 2147483647;
			files = (
			);
			inputPaths = (
			);
			name = "[CP] Check Pods Manifest.lock";
			outputPaths = (
			);
			runOnlyForDeploymentPostprocessing = 0;
			shellPath = /bin/sh;
			shellScript = "diff \"${PODS_ROOT}/../Podfile.lock\" \"${PODS_ROOT}/Manifest.lock\" > /dev/null\nif [[ $? != 0 ]] ; then\n    cat << EOM\nerror: The sandbox is not in sync with the Podfile.lock. Run 'pod install' or update your CocoaPods installation.\nEOM\n    exit 1\nfi\n";
			showEnvVarsInLog = 0;
		};
		B5C50ADD1C917F4A0059032B /* Swift Lint */ = {
			isa = PBXShellScriptBuildPhase;
			buildActionMask = 2147483647;
			files = (
			);
			inputPaths = (
			);
			name = "Swift Lint";
			outputPaths = (
			);
			runOnlyForDeploymentPostprocessing = 0;
			shellPath = /bin/sh;
			shellScript = "if which swiftlint >/dev/null; then swiftlint; fi";
		};
		CAB3B20531AAE2438C48D751 /* [CP] Embed Pods Frameworks */ = {
			isa = PBXShellScriptBuildPhase;
			buildActionMask = 2147483647;
			files = (
			);
			inputPaths = (
			);
			name = "[CP] Embed Pods Frameworks";
			outputPaths = (
			);
			runOnlyForDeploymentPostprocessing = 0;
			shellPath = /bin/sh;
			shellScript = "\"${SRCROOT}/../Pods/Target Support Files/Pods-Example/Pods-Example-frameworks.sh\"\n";
			showEnvVarsInLog = 0;
		};
/* End PBXShellScriptBuildPhase section */

/* Begin PBXSourcesBuildPhase section */
		B548C5BE1C8E91B0009D5AEE /* Sources */ = {
			isa = PBXSourcesBuildPhase;
			buildActionMask = 2147483647;
			files = (
				B5F62A5D1C9ECBCB003A1231 /* ICKeyboardDismissTextFieldUITests.swift in Sources */,
				B548C5C51C8E91B0009D5AEE /* ICTokenFieldUITests.swift in Sources */,
			);
			runOnlyForDeploymentPostprocessing = 0;
		};
		B5E9F8F71C8D3B6E00443DC7 /* Sources */ = {
			isa = PBXSourcesBuildPhase;
			buildActionMask = 2147483647;
			files = (
				B5E9F8FF1C8D3B6E00443DC7 /* AppDelegate.swift in Sources */,
				B52819581C90215C007D01D5 /* CustomizedTokenField.swift in Sources */,
				B5C53E191C92851400AF3489 /* CustomizedTokenViewController.swift in Sources */,
				B548C5A91C8D6150009D5AEE /* ExampleCell.swift in Sources */,
				B5E9F9011C8D3B6E00443DC7 /* ExampleViewController.swift in Sources */,
				B5D04D001C99AF0700174823 /* StoryboardViewController.swift in Sources */,
			);
			runOnlyForDeploymentPostprocessing = 0;
		};
/* End PBXSourcesBuildPhase section */

/* Begin PBXTargetDependency section */
		B548C5C81C8E91B0009D5AEE /* PBXTargetDependency */ = {
			isa = PBXTargetDependency;
			target = B5E9F8FA1C8D3B6E00443DC7 /* Example */;
			targetProxy = B548C5C71C8E91B0009D5AEE /* PBXContainerItemProxy */;
		};
/* End PBXTargetDependency section */

/* Begin PBXVariantGroup section */
		B548C5A51C8D55A8009D5AEE /* InfoPlist.strings */ = {
			isa = PBXVariantGroup;
			children = (
				B548C5A61C8D55A8009D5AEE /* Base */,
			);
			name = InfoPlist.strings;
			sourceTree = "<group>";
		};
		B5E9F9071C8D3B6E00443DC7 /* LaunchScreen.storyboard */ = {
			isa = PBXVariantGroup;
			children = (
				B5E9F9081C8D3B6E00443DC7 /* Base */,
			);
			name = LaunchScreen.storyboard;
			sourceTree = "<group>";
		};
/* End PBXVariantGroup section */

/* Begin XCBuildConfiguration section */
		B548C5C91C8E91B0009D5AEE /* Debug */ = {
			isa = XCBuildConfiguration;
			buildSettings = {
				INFOPLIST_FILE = ICInputAccessoryUITests/Info.plist;
				LD_RUNPATH_SEARCH_PATHS = "$(inherited) @executable_path/Frameworks @loader_path/Frameworks";
				PRODUCT_BUNDLE_IDENTIFIER = com.polydice.ICInputAccessoryUITests;
				PRODUCT_NAME = "$(TARGET_NAME)";
				SWIFT_VERSION = 3.0;
				TEST_TARGET_NAME = Example;
				USES_XCTRUNNER = YES;
			};
			name = Debug;
		};
		B548C5CA1C8E91B0009D5AEE /* Release */ = {
			isa = XCBuildConfiguration;
			buildSettings = {
				INFOPLIST_FILE = ICInputAccessoryUITests/Info.plist;
				LD_RUNPATH_SEARCH_PATHS = "$(inherited) @executable_path/Frameworks @loader_path/Frameworks";
				PRODUCT_BUNDLE_IDENTIFIER = com.polydice.ICInputAccessoryUITests;
				PRODUCT_NAME = "$(TARGET_NAME)";
				SWIFT_VERSION = 3.0;
				TEST_TARGET_NAME = Example;
				USES_XCTRUNNER = YES;
			};
			name = Release;
		};
		B5E9F90B1C8D3B6E00443DC7 /* Debug */ = {
			isa = XCBuildConfiguration;
			buildSettings = {
				ALWAYS_SEARCH_USER_PATHS = NO;
				CLANG_CXX_LANGUAGE_STANDARD = "gnu++0x";
				CLANG_CXX_LIBRARY = "libc++";
				CLANG_ENABLE_MODULES = YES;
				CLANG_ENABLE_OBJC_ARC = YES;
				CLANG_WARN_BOOL_CONVERSION = YES;
				CLANG_WARN_CONSTANT_CONVERSION = YES;
				CLANG_WARN_DIRECT_OBJC_ISA_USAGE = YES_ERROR;
				CLANG_WARN_EMPTY_BODY = YES;
				CLANG_WARN_ENUM_CONVERSION = YES;
				CLANG_WARN_INT_CONVERSION = YES;
				CLANG_WARN_OBJC_ROOT_CLASS = YES_ERROR;
				CLANG_WARN_UNREACHABLE_CODE = YES;
				CLANG_WARN__DUPLICATE_METHOD_MATCH = YES;
				"CODE_SIGN_IDENTITY[sdk=iphoneos*]" = "";
				COPY_PHASE_STRIP = NO;
				DEBUG_INFORMATION_FORMAT = dwarf;
				ENABLE_STRICT_OBJC_MSGSEND = YES;
				ENABLE_TESTABILITY = YES;
				GCC_C_LANGUAGE_STANDARD = gnu99;
				GCC_DYNAMIC_NO_PIC = NO;
				GCC_NO_COMMON_BLOCKS = YES;
				GCC_OPTIMIZATION_LEVEL = 0;
				GCC_PREPROCESSOR_DEFINITIONS = (
					"DEBUG=1",
					"$(inherited)",
				);
				GCC_WARN_64_TO_32_BIT_CONVERSION = YES;
				GCC_WARN_ABOUT_RETURN_TYPE = YES_ERROR;
				GCC_WARN_UNDECLARED_SELECTOR = YES;
				GCC_WARN_UNINITIALIZED_AUTOS = YES_AGGRESSIVE;
				GCC_WARN_UNUSED_FUNCTION = YES;
				GCC_WARN_UNUSED_VARIABLE = YES;
				IPHONEOS_DEPLOYMENT_TARGET = 9.0;
				MTL_ENABLE_DEBUG_INFO = YES;
				ONLY_ACTIVE_ARCH = YES;
				SDKROOT = iphoneos;
				SWIFT_OPTIMIZATION_LEVEL = "-Onone";
			};
			name = Debug;
		};
		B5E9F90C1C8D3B6E00443DC7 /* Release */ = {
			isa = XCBuildConfiguration;
			buildSettings = {
				ALWAYS_SEARCH_USER_PATHS = NO;
				CLANG_CXX_LANGUAGE_STANDARD = "gnu++0x";
				CLANG_CXX_LIBRARY = "libc++";
				CLANG_ENABLE_MODULES = YES;
				CLANG_ENABLE_OBJC_ARC = YES;
				CLANG_WARN_BOOL_CONVERSION = YES;
				CLANG_WARN_CONSTANT_CONVERSION = YES;
				CLANG_WARN_DIRECT_OBJC_ISA_USAGE = YES_ERROR;
				CLANG_WARN_EMPTY_BODY = YES;
				CLANG_WARN_ENUM_CONVERSION = YES;
				CLANG_WARN_INT_CONVERSION = YES;
				CLANG_WARN_OBJC_ROOT_CLASS = YES_ERROR;
				CLANG_WARN_UNREACHABLE_CODE = YES;
				CLANG_WARN__DUPLICATE_METHOD_MATCH = YES;
				"CODE_SIGN_IDENTITY[sdk=iphoneos*]" = "";
				COPY_PHASE_STRIP = NO;
				DEBUG_INFORMATION_FORMAT = "dwarf-with-dsym";
				ENABLE_NS_ASSERTIONS = NO;
				ENABLE_STRICT_OBJC_MSGSEND = YES;
				GCC_C_LANGUAGE_STANDARD = gnu99;
				GCC_NO_COMMON_BLOCKS = YES;
				GCC_WARN_64_TO_32_BIT_CONVERSION = YES;
				GCC_WARN_ABOUT_RETURN_TYPE = YES_ERROR;
				GCC_WARN_UNDECLARED_SELECTOR = YES;
				GCC_WARN_UNINITIALIZED_AUTOS = YES_AGGRESSIVE;
				GCC_WARN_UNUSED_FUNCTION = YES;
				GCC_WARN_UNUSED_VARIABLE = YES;
				IPHONEOS_DEPLOYMENT_TARGET = 9.0;
				MTL_ENABLE_DEBUG_INFO = NO;
				SDKROOT = iphoneos;
				VALIDATE_PRODUCT = YES;
			};
			name = Release;
		};
		B5E9F90E1C8D3B6E00443DC7 /* Debug */ = {
			isa = XCBuildConfiguration;
			baseConfigurationReference = CA708B7D49E7D80A75ED81E3 /* Pods-Example.debug.xcconfig */;
			buildSettings = {
				ASSETCATALOG_COMPILER_APPICON_NAME = AppIcon;
				INFOPLIST_FILE = Example/Info.plist;
				IPHONEOS_DEPLOYMENT_TARGET = 8.0;
				LD_RUNPATH_SEARCH_PATHS = "$(inherited) @executable_path/Frameworks";
				PRODUCT_BUNDLE_IDENTIFIER = com.polydice.ICInputAccessoryExample;
				PRODUCT_NAME = "$(TARGET_NAME)";
				SWIFT_VERSION = 3.0;
				TARGETED_DEVICE_FAMILY = "1,2";
			};
			name = Debug;
		};
		B5E9F90F1C8D3B6E00443DC7 /* Release */ = {
			isa = XCBuildConfiguration;
			baseConfigurationReference = FE1A89C8A77ED0438A206A24 /* Pods-Example.release.xcconfig */;
			buildSettings = {
				ASSETCATALOG_COMPILER_APPICON_NAME = AppIcon;
				INFOPLIST_FILE = Example/Info.plist;
				IPHONEOS_DEPLOYMENT_TARGET = 8.0;
				LD_RUNPATH_SEARCH_PATHS = "$(inherited) @executable_path/Frameworks";
				PRODUCT_BUNDLE_IDENTIFIER = com.polydice.ICInputAccessoryExample;
				PRODUCT_NAME = "$(TARGET_NAME)";
				SWIFT_VERSION = 3.0;
				TARGETED_DEVICE_FAMILY = "1,2";
			};
			name = Release;
		};
/* End XCBuildConfiguration section */

/* Begin XCConfigurationList section */
		B548C5CB1C8E91B0009D5AEE /* Build configuration list for PBXNativeTarget "ICInputAccessoryUITests" */ = {
			isa = XCConfigurationList;
			buildConfigurations = (
				B548C5C91C8E91B0009D5AEE /* Debug */,
				B548C5CA1C8E91B0009D5AEE /* Release */,
			);
			defaultConfigurationIsVisible = 0;
			defaultConfigurationName = Release;
		};
		B5E9F8F61C8D3B6E00443DC7 /* Build configuration list for PBXProject "Example" */ = {
			isa = XCConfigurationList;
			buildConfigurations = (
				B5E9F90B1C8D3B6E00443DC7 /* Debug */,
				B5E9F90C1C8D3B6E00443DC7 /* Release */,
			);
			defaultConfigurationIsVisible = 0;
			defaultConfigurationName = Release;
		};
		B5E9F90D1C8D3B6E00443DC7 /* Build configuration list for PBXNativeTarget "Example" */ = {
			isa = XCConfigurationList;
			buildConfigurations = (
				B5E9F90E1C8D3B6E00443DC7 /* Debug */,
				B5E9F90F1C8D3B6E00443DC7 /* Release */,
			);
			defaultConfigurationIsVisible = 0;
			defaultConfigurationName = Release;
		};
/* End XCConfigurationList section */
	};
	rootObject = B5E9F8F31C8D3B6E00443DC7 /* Project object */;
}
